// !$*UTF8*$!
{
	archiveVersion = 1;
	classes = {
	};
	objectVersion = 56;
	objects = {

/* Begin PBXBuildFile section */
		1A0000010000000000000001 /* TranslatedTextWidgetApp.swift in Sources */ = {isa = PBXBuildFile; fileRef = 1A0000010000000000000011 /* TranslatedTextWidgetApp.swift */; };
		1A0000010000000000000002 /* ContentView.swift in Sources */ = {isa = PBXBuildFile; fileRef = 1A0000010000000000000012 /* ContentView.swift */; };
		1A0000010000000000000003 /* ComposeSampleWidgetApp.swift in Sources */ = {isa = PBXBuildFile; fileRef = 1A0000010000000000000016 /* ComposeSampleWidgetApp.swift */; };
		1A0000010000000000000004 /* TranslationSDKUI in Frameworks */ = {isa = PBXBuildFile; productRef = 1A0000010000000000000014 /* TranslationSDKUI */; };
		1A0000010000000000000005 /* ContentView.swift in Sources */ = {isa = PBXBuildFile; fileRef = 1A0000010000000000000017 /* ContentView.swift */; };
/* End PBXBuildFile section */

/* Begin PBXFileReference section */
		1A0000010000000000000010 /* TranslatedText Widget.app */ = {isa = PBXFileReference; explicitFileType = wrapper.application; includeInIndex = 0; path = "TranslatedText Widget.app"; sourceTree = BUILT_PRODUCTS_DIR; };
		1A0000010000000000000013 /* TranslatedText Compose.app */ = {isa = PBXFileReference; explicitFileType = wrapper.application; includeInIndex = 0; path = "TranslatedText Compose.app"; sourceTree = BUILT_PRODUCTS_DIR; };
		1A0000010000000000000011 /* TranslatedTextWidgetApp.swift */ = {isa = PBXFileReference; lastKnownFileType = sourcecode.swift; path = TranslatedTextWidgetApp.swift; sourceTree = "<group>"; };
		1A0000010000000000000012 /* ContentView.swift */ = {isa = PBXFileReference; lastKnownFileType = sourcecode.swift; path = ContentView.swift; sourceTree = "<group>"; };
		1A0000010000000000000016 /* ComposeSampleWidgetApp.swift */ = {isa = PBXFileReference; lastKnownFileType = sourcecode.swift; path = ComposeSampleWidgetApp.swift; sourceTree = "<group>"; };
		1A0000010000000000000017 /* ContentView.swift */ = {isa = PBXFileReference; lastKnownFileType = sourcecode.swift; path = ContentView.swift; sourceTree = "<group>"; };
		1A0000010000000000000018 /* Info.plist */ = {isa = PBXFileReference; lastKnownFileType = text.plist.xml; path = Info.plist; sourceTree = "<group>"; };
/* End PBXFileReference section */

/* Begin PBXFrameworksBuildPhase section */
		1A0000010000000000000020 /* Frameworks */ = {
			isa = PBXFrameworksBuildPhase;
			buildActionMask = 2147483647;
			files = (
				1A0000010000000000000004 /* TranslationSDKUI in Frameworks */,
			);
			runOnlyForDeploymentPostprocessing = 0;
		};
		1A0000010000000000000021 /* Frameworks */ = {
			isa = PBXFrameworksBuildPhase;
			buildActionMask = 2147483647;
			files = (
			);
			runOnlyForDeploymentPostprocessing = 0;
		};
/* End PBXFrameworksBuildPhase section */

/* Begin PBXGroup section */
		1A0000010000000000000030 = {
			isa = PBXGroup;
			children = (
				1A0000010000000000000031 /* iosApp */,
				1A0000010000000000000032 /* Products */,
			);
			sourceTree = "<group>";
		};
		1A0000010000000000000031 /* iosApp */ = {
			isa = PBXGroup;
			children = (
				1A0000010000000000000011 /* TranslatedTextWidgetApp.swift */,
				1A0000010000000000000012 /* ContentView.swift */,
				1A0000010000000000000033 /* composeSample */,
			);
			path = iosApp;
			sourceTree = "<group>";
		};
		1A0000010000000000000033 /* composeSample */ = {
			isa = PBXGroup;
			children = (
				1A0000010000000000000016 /* ComposeSampleWidgetApp.swift */,
				1A0000010000000000000017 /* ComposeContentView.swift */,
				1A0000010000000000000018 /* Info.plist */,
			);
			path = composeSample;
			sourceTree = "<group>";
		};
		1A0000010000000000000032 /* Products */ = {
			isa = PBXGroup;
			children = (
				1A0000010000000000000010 /* TranslatedText Widget.app */,
				1A0000010000000000000013 /* TranslatedText Compose.app */,
			);
			name = Products;
			sourceTree = "<group>";
		};
/* End PBXGroup section */

/* Begin PBXNativeTarget section */
		1A0000010000000000000040 /* TranslatedText Widget */ = {
			isa = PBXNativeTarget;
			buildConfigurationList = 1A0000010000000000000080 /* Build configuration list for PBXNativeTarget "TranslatedText Widget" */;
			buildPhases = (
				1A0000010000000000000050 /* Build TranslationSDK */,
				1A0000010000000000000060 /* Sources */,
				1A0000010000000000000020 /* Frameworks */,
				1A0000010000000000000070 /* Resources */,
			);
			buildRules = (
			);
			dependencies = (
			);
			name = "TranslatedText Widget";
			packageProductDependencies = (
				1A0000010000000000000014 /* TranslationSDKUI */,
			);
			productName = "TranslatedText Widget";
			productReference = 1A0000010000000000000010 /* TranslatedText Widget.app */;
			productType = "com.apple.product-type.application";
		};
		1A0000010000000000000041 /* TranslatedText Compose */ = {
			isa = PBXNativeTarget;
			buildConfigurationList = 1A0000010000000000000085 /* Build configuration list for PBXNativeTarget "TranslatedText Compose" */;
			buildPhases = (
				1A0000010000000000000051 /* Build TranslationSDK */,
				1A0000010000000000000061 /* Sources */,
				1A0000010000000000000021 /* Frameworks */,
				1A0000010000000000000071 /* Resources */,
			);
			buildRules = (
			);
			dependencies = (
			);
			name = "TranslatedText Compose";
			packageProductDependencies = (
			);
			productName = "TranslatedText Compose";
			productReference = 1A0000010000000000000013 /* TranslatedText Compose.app */;
			productType = "com.apple.product-type.application";
		};
/* End PBXNativeTarget section */

/* Begin PBXProject section */
		1A0000010000000000000090 /* Project object */ = {
			isa = PBXProject;
			attributes = {
				BuildIndependentTargetsInParallel = 1;
				LastSwiftUpdateCheck = 2650;
				LastUpgradeCheck = 2650;
				TargetAttributes = {
				1A0000010000000000000040 = {
						CreatedOnToolsVersion = 26.5;
					};
					1A0000010000000000000041 = {
						CreatedOnToolsVersion = 26.5;
					};
				};
			};
			buildConfigurationList = 1A0000010000000000000091 /* Build configuration list for PBXProject "TranslatedTextWidget" */;
			compatibilityVersion = "Xcode 14.0";
			developmentRegion = en;
			hasScannedForEncodings = 0;
			knownRegions = (
				en,
				Base,
			);
			mainGroup = 1A0000010000000000000030;
			packageReferences = (
				1A0000010000000000000015 /* XCLocalSwiftPackageReference "../shared/ios-widget" */,
			);
			productRefGroup = 1A0000010000000000000032 /* Products */;
			projectDirPath = "";
			projectRoot = "";
			targets = (
				1A0000010000000000000040 /* TranslatedText Widget */,
				1A0000010000000000000041 /* TranslatedText Compose */,
			);
		};
/* End PBXProject section */

/* Begin PBXResourcesBuildPhase section */
		1A0000010000000000000070 /* Resources */ = {
			isa = PBXResourcesBuildPhase;
			buildActionMask = 2147483647;
			files = (
			);
			runOnlyForDeploymentPostprocessing = 0;
		};
		1A0000010000000000000071 /* Resources */ = {
			isa = PBXResourcesBuildPhase;
			buildActionMask = 2147483647;
			files = (
			);
			runOnlyForDeploymentPostprocessing = 0;
		};
/* End PBXResourcesBuildPhase section */

/* Begin PBXShellScriptBuildPhase section */
		1A0000010000000000000050 /* Build TranslationSDK */ = {
			isa = PBXShellScriptBuildPhase;
			alwaysOutOfDate = 1;
			buildActionMask = 2147483647;
			files = (
			);
			inputFileListPaths = (
			);
			inputPaths = (
			);
			name = "Build iOS Frameworks";
			outputFileListPaths = (
			);
			outputPaths = (
			);
			runOnlyForDeploymentPostprocessing = 0;
			shellPath = /bin/sh;
			shellScript = "cd \"$SRCROOT/..\"\n\nif [[ \"$SDK_NAME\" == iphoneos* ]]; then\n  KOTLIN_TARGET=\"IosArm64\"\nelif [[ \"$ARCHS\" == *x86_64* ]]; then\n  KOTLIN_TARGET=\"IosX64\"\nelse\n  KOTLIN_TARGET=\"IosSimulatorArm64\"\nfi\n\nsh gradlew \":shared:core:linkDebugFramework${KOTLIN_TARGET}\" \":sampleIosCompose:linkDebugFramework${KOTLIN_TARGET}\"\n";
		};
		1A0000010000000000000051 /* Build TranslationSDK */ = {
			isa = PBXShellScriptBuildPhase;
			alwaysOutOfDate = 1;
			buildActionMask = 2147483647;
			files = (
			);
			inputFileListPaths = (
			);
			inputPaths = (
			);
			name = "Build iOS Frameworks";
			outputFileListPaths = (
			);
			outputPaths = (
			);
			runOnlyForDeploymentPostprocessing = 0;
			shellPath = /bin/sh;
			shellScript = "cd \"$SRCROOT/..\"\n\nif [[ \"$SDK_NAME\" == iphoneos* ]]; then\n  KOTLIN_TARGET=\"IosArm64\"\nelif [[ \"$ARCHS\" == *x86_64* ]]; then\n  KOTLIN_TARGET=\"IosX64\"\nelse\n  KOTLIN_TARGET=\"IosSimulatorArm64\"\nfi\n\nsh gradlew \":shared:core:linkDebugFramework${KOTLIN_TARGET}\" \":shared:compose-ui:linkDebugFramework${KOTLIN_TARGET}\" \":sampleIosCompose:linkDebugFramework${KOTLIN_TARGET}\"\n";
		};
/* End PBXShellScriptBuildPhase section */

/* Begin PBXSourcesBuildPhase section */
		1A0000010000000000000060 /* Sources */ = {
			isa = PBXSourcesBuildPhase;
			buildActionMask = 2147483647;
			files = (
				1A0000010000000000000001 /* TranslatedTextWidgetApp.swift in Sources */,
				1A0000010000000000000002 /* ContentView.swift in Sources */,
			);
			runOnlyForDeploymentPostprocessing = 0;
		};
		1A0000010000000000000061 /* Sources */ = {
			isa = PBXSourcesBuildPhase;
			buildActionMask = 2147483647;
			files = (
				1A0000010000000000000003 /* ComposeSampleWidgetApp.swift in Sources */,
				1A0000010000000000000005 /* ComposeContentView.swift in Sources */,
			);
			runOnlyForDeploymentPostprocessing = 0;
		};
/* End PBXSourcesBuildPhase section */

/* Begin XCLocalSwiftPackageReference section */
		1A0000010000000000000015 /* XCLocalSwiftPackageReference "../shared/ios-widget" */ = {
			isa = XCLocalSwiftPackageReference;
			relativePath = ../shared/ios-widget;
		};
/* End XCLocalSwiftPackageReference section */

/* Begin XCSwiftPackageProductDependency section */
		1A0000010000000000000014 /* TranslationSDKUI */ = {
			isa = XCSwiftPackageProductDependency;
			package = 1A0000010000000000000015 /* XCLocalSwiftPackageReference "../shared/ios-widget" */;
			productName = TranslationSDKUI;
		};
/* End XCSwiftPackageProductDependency section */

/* Begin XCBuildConfiguration section */
		1A0000010000000000000081 /* Debug */ = {
			isa = XCBuildConfiguration;
			buildSettings = {
				ASSETCATALOG_COMPILER_APPICON_NAME = AppIcon;
				CODE_SIGN_STYLE = Automatic;
				CURRENT_PROJECT_VERSION = 1;
				DEVELOPMENT_TEAM = "";
				ENABLE_PREVIEWS = YES;
				"EXCLUDED_ARCHS[sdk=iphonesimulator*]" = x86_64;
				FRAMEWORK_SEARCH_PATHS = (
					"$(inherited)",
				);
				"FRAMEWORK_SEARCH_PATHS[sdk=iphoneos*]" = (
					"$(SRCROOT)/../shared/core/build/bin/iosArm64/debugFramework",
					"$(SRCROOT)/../sampleIosCompose/build/bin/iosArm64/debugFramework",
				);
				"FRAMEWORK_SEARCH_PATHS[sdk=iphonesimulator*]" = (
					"$(SRCROOT)/../shared/core/build/bin/iosSimulatorArm64/debugFramework",
					"$(SRCROOT)/../sampleIosCompose/build/bin/iosSimulatorArm64/debugFramework",
				);
				GENERATE_INFOPLIST_FILE = NO;
				INFOPLIST_FILE = iosApp/Info.plist;
				IPHONEOS_DEPLOYMENT_TARGET = 15.0;
				LD_RUNPATH_SEARCH_PATHS = (
					"$(inherited)",
					"@executable_path/Frameworks",
				);
				MARKETING_VERSION = 1.0;
				OTHER_LDFLAGS = (
					"$(inherited)",
					"-framework",
					TranslationSDK,
					"-framework",
					ComposeSampleUI,
				);
				PRODUCT_BUNDLE_IDENTIFIER = com.sdk.translation.sample;
				PRODUCT_NAME = "TranslatedText Widget";
				SUPPORTED_PLATFORMS = "iphoneos iphonesimulator";
				SUPPORTS_MACCATALYST = NO;
				SWIFT_VERSION = 5.0;
				TARGETED_DEVICE_FAMILY = "1,2";
			};
			name = Debug;
		};
		1A0000010000000000000082 /* Release */ = {
			isa = XCBuildConfiguration;
			buildSettings = {
				ASSETCATALOG_COMPILER_APPICON_NAME = AppIcon;
				CODE_SIGN_STYLE = Automatic;
				CURRENT_PROJECT_VERSION = 1;
				DEVELOPMENT_TEAM = "";
				ENABLE_PREVIEWS = YES;
				"EXCLUDED_ARCHS[sdk=iphonesimulator*]" = x86_64;
				FRAMEWORK_SEARCH_PATHS = (
					"$(inherited)",
				);
				"FRAMEWORK_SEARCH_PATHS[sdk=iphoneos*]" = (
					"$(SRCROOT)/../shared/core/build/bin/iosArm64/debugFramework",
					"$(SRCROOT)/../sampleIosCompose/build/bin/iosArm64/debugFramework",
				);
				"FRAMEWORK_SEARCH_PATHS[sdk=iphonesimulator*]" = (
					"$(SRCROOT)/../shared/core/build/bin/iosSimulatorArm64/debugFramework",
					"$(SRCROOT)/../sampleIosCompose/build/bin/iosSimulatorArm64/debugFramework",
				);
				GENERATE_INFOPLIST_FILE = NO;
				INFOPLIST_FILE = iosApp/Info.plist;
				IPHONEOS_DEPLOYMENT_TARGET = 15.0;
				LD_RUNPATH_SEARCH_PATHS = (
					"$(inherited)",
					"@executable_path/Frameworks",
				);
				MARKETING_VERSION = 1.0;
				OTHER_LDFLAGS = (
					"$(inherited)",
					"-framework",
					TranslationSDK,
					"-framework",
					ComposeSampleUI,
				);
				PRODUCT_BUNDLE_IDENTIFIER = com.sdk.translation.sample;
				PRODUCT_NAME = "TranslatedText Widget";
				SUPPORTED_PLATFORMS = "iphoneos iphonesimulator";
				SUPPORTS_MACCATALYST = NO;
				SWIFT_VERSION = 5.0;
				TARGETED_DEVICE_FAMILY = "1,2";
			};
			name = Release;
		};
		1A0000010000000000000083 /* Debug */ = {
			isa = XCBuildConfiguration;
			buildSettings = {
				ASSETCATALOG_COMPILER_APPICON_NAME = AppIcon;
				CODE_SIGN_STYLE = Automatic;
				CURRENT_PROJECT_VERSION = 1;
				DEVELOPMENT_TEAM = "";
				ENABLE_PREVIEWS = YES;
				"EXCLUDED_ARCHS[sdk=iphonesimulator*]" = x86_64;
				FRAMEWORK_SEARCH_PATHS = (
					"$(inherited)",
				);
				"FRAMEWORK_SEARCH_PATHS[sdk=iphoneos*]" = (
					"$(SRCROOT)/../shared/core/build/bin/iosArm64/debugFramework",
					"$(SRCROOT)/../shared/compose-ui/build/bin/iosArm64/debugFramework",
					"$(SRCROOT)/../sampleIosCompose/build/bin/iosArm64/debugFramework",
				);
				"FRAMEWORK_SEARCH_PATHS[sdk=iphonesimulator*]" = (
					"$(SRCROOT)/../shared/core/build/bin/iosSimulatorArm64/debugFramework",
					"$(SRCROOT)/../shared/compose-ui/build/bin/iosSimulatorArm64/debugFramework",
					"$(SRCROOT)/../sampleIosCompose/build/bin/iosSimulatorArm64/debugFramework",
				);
				GENERATE_INFOPLIST_FILE = NO;
				INFOPLIST_FILE = iosApp/composeSample/Info.plist;
				IPHONEOS_DEPLOYMENT_TARGET = 15.0;
				LD_RUNPATH_SEARCH_PATHS = (
					"$(inherited)",
					"@executable_path/Frameworks",
				);
				MARKETING_VERSION = 1.0;
				OTHER_LDFLAGS = (
					"$(inherited)",
					"-framework",
					TranslationSDK,
					"-framework",
					ComposeUI,
					"-framework",
					ComposeSampleUI,
				);
				PRODUCT_BUNDLE_IDENTIFIER = com.sdk.translation.compose.sample;
				PRODUCT_NAME = "TranslatedText Compose";
				SUPPORTED_PLATFORMS = "iphoneos iphonesimulator";
				SUPPORTS_MACCATALYST = NO;
				SWIFT_VERSION = 5.0;
				TARGETED_DEVICE_FAMILY = "1,2";
			};
			name = Debug;
		};
		1A0000010000000000000084 /* Release */ = {
			isa = XCBuildConfiguration;
			buildSettings = {
				ASSETCATALOG_COMPILER_APPICON_NAME = AppIcon;
				CODE_SIGN_STYLE = Automatic;
				CURRENT_PROJECT_VERSION = 1;
				DEVELOPMENT_TEAM = "";
				ENABLE_PREVIEWS = YES;
				"EXCLUDED_ARCHS[sdk=iphonesimulator*]" = x86_64;
				FRAMEWORK_SEARCH_PATHS = (
					"$(inherited)",
				);
				"FRAMEWORK_SEARCH_PATHS[sdk=iphoneos*]" = (
					"$(SRCROOT)/../shared/core/build/bin/iosArm64/debugFramework",
					"$(SRCROOT)/../shared/compose-ui/build/bin/iosArm64/debugFramework",
					"$(SRCROOT)/../sampleIosCompose/build/bin/iosArm64/debugFramework",
				);
				"FRAMEWORK_SEARCH_PATHS[sdk=iphonesimulator*]" = (
					"$(SRCROOT)/../shared/core/build/bin/iosSimulatorArm64/debugFramework",
					"$(SRCROOT)/../shared/compose-ui/build/bin/iosSimulatorArm64/debugFramework",
					"$(SRCROOT)/../sampleIosCompose/build/bin/iosSimulatorArm64/debugFramework",
				);
				GENERATE_INFOPLIST_FILE = NO;
				INFOPLIST_FILE = iosApp/composeSample/Info.plist;
				IPHONEOS_DEPLOYMENT_TARGET = 15.0;
				LD_RUNPATH_SEARCH_PATHS = (
					"$(inherited)",
					"@executable_path/Frameworks",
				);
				MARKETING_VERSION = 1.0;
				OTHER_LDFLAGS = (
					"$(inherited)",
					"-framework",
					TranslationSDK,
					"-framework",
					ComposeUI,
					"-framework",
					ComposeSampleUI,
				);
				PRODUCT_BUNDLE_IDENTIFIER = com.sdk.translation.compose.sample;
				PRODUCT_NAME = "TranslatedText Compose";
				SUPPORTED_PLATFORMS = "iphoneos iphonesimulator";
				SUPPORTS_MACCATALYST = NO;
				SWIFT_VERSION = 5.0;
				TARGETED_DEVICE_FAMILY = "1,2";
			};
			name = Release;
		};
		1A0000010000000000000092 /* Debug */ = {
			isa = XCBuildConfiguration;
			buildSettings = {
				ALWAYS_SEARCH_USER_PATHS = NO;
				CLANG_ANALYZER_NONNULL = YES;
				CLANG_ANALYZER_NUMBER_OBJECT_CONVERSION = YES_AGGRESSIVE;
				CLANG_CXX_LANGUAGE_STANDARD = "gnu++20";
				CLANG_ENABLE_MODULES = YES;
				CLANG_ENABLE_OBJC_ARC = YES;
				CLANG_ENABLE_OBJC_WEAK = YES;
				CLANG_WARN_BLOCK_CAPTURE_AUTORELEASING = YES;
				CLANG_WARN_BOOL_CONVERSION = YES;
				CLANG_WARN_COMMA = YES;
				CLANG_WARN_CONSTANT_CONVERSION = YES;
				CLANG_WARN_DEPRECATED_OBJC_IMPLEMENTATIONS = YES;
				CLANG_WARN_DIRECT_OBJC_ISA_USAGE = YES_ERROR;
				CLANG_WARN_DOCUMENTATION_COMMENTS = YES;
				CLANG_WARN_EMPTY_BODY = YES;
				CLANG_WARN_ENUM_CONVERSION = YES;
				CLANG_WARN_INFINITE_RECURSION = YES;
				CLANG_WARN_INT_CONVERSION = YES;
				CLANG_WARN_NON_LITERAL_NULL_CONVERSION = YES;
				CLANG_WARN_OBJC_IMPLICIT_RETAIN_SELF = YES;
				CLANG_WARN_OBJC_LITERAL_CONVERSION = YES;
				CLANG_WARN_OBJC_ROOT_CLASS = YES_ERROR;
				CLANG_WARN_QUOTED_INCLUDE_IN_FRAMEWORK_HEADER = YES;
				CLANG_WARN_RANGE_LOOP_ANALYSIS = YES;
				CLANG_WARN_STRICT_PROTOTYPES = YES;
				CLANG_WARN_SUSPICIOUS_MOVE = YES;
				CLANG_WARN_UNGUARDED_AVAILABILITY = YES_AGGRESSIVE;
				CLANG_WARN_UNREACHABLE_CODE = YES;
				CLANG_WARN__DUPLICATE_METHOD_MATCH = YES;
				COPY_PHASE_STRIP = NO;
				DEBUG_INFORMATION_FORMAT = dwarf;
				ENABLE_STRICT_OBJC_MSGSEND = YES;
				ENABLE_TESTABILITY = YES;
				GCC_C_LANGUAGE_STANDARD = gnu17;
				GCC_DYNAMIC_NO_PIC = NO;
				GCC_NO_COMMON_BLOCKS = YES;
				GCC_OPTIMIZATION_LEVEL = 0;
				GCC_PREPROCESSOR_DEFINITIONS = (
					"DEBUG=1",
					"$(inherited)",
				);
				GCC_WARN_64_TO_32_BIT_CONVERSION = YES;
				GCC_WARN_ABOUT_RETURN_TYPE = YES_ERROR;
				GCC_WARN_UNDECLARED_SELECTOR = YES;
				GCC_WARN_UNINITIALIZED_AUTOS = YES_AGGRESSIVE;
				GCC_WARN_UNUSED_FUNCTION = YES;
				GCC_WARN_UNUSED_VARIABLE = YES;
				MTL_ENABLE_DEBUG_INFO = INCLUDE_SOURCE;
				MTL_FAST_MATH = YES;
				ONLY_ACTIVE_ARCH = YES;
				SDKROOT = iphoneos;
				SWIFT_ACTIVE_COMPILATION_CONDITIONS = DEBUG;
				SWIFT_OPTIMIZATION_LEVEL = "-Onone";
			};
			name = Debug;
		};
		1A0000010000000000000093 /* Release */ = {
			isa = XCBuildConfiguration;
			buildSettings = {
				ALWAYS_SEARCH_USER_PATHS = NO;
				CLANG_ANALYZER_NONNULL = YES;
				CLANG_ANALYZER_NUMBER_OBJECT_CONVERSION = YES_AGGRESSIVE;
				CLANG_CXX_LANGUAGE_STANDARD = "gnu++20";
				CLANG_ENABLE_MODULES = YES;
				CLANG_ENABLE_OBJC_ARC = YES;
				CLANG_ENABLE_OBJC_WEAK = YES;
				CLANG_WARN_BLOCK_CAPTURE_AUTORELEASING = YES;
				CLANG_WARN_BOOL_CONVERSION = YES;
				CLANG_WARN_COMMA = YES;
				CLANG_WARN_CONSTANT_CONVERSION = YES;
				CLANG_WARN_DEPRECATED_OBJC_IMPLEMENTATIONS = YES;
				CLANG_WARN_DIRECT_OBJC_ISA_USAGE = YES_ERROR;
				CLANG_WARN_DOCUMENTATION_COMMENTS = YES;
				CLANG_WARN_EMPTY_BODY = YES;
				CLANG_WARN_ENUM_CONVERSION = YES;
				CLANG_WARN_INFINITE_RECURSION = YES;
				CLANG_WARN_INT_CONVERSION = YES;
				CLANG_WARN_NON_LITERAL_NULL_CONVERSION = YES;
				CLANG_WARN_OBJC_IMPLICIT_RETAIN_SELF = YES;
				CLANG_WARN_OBJC_LITERAL_CONVERSION = YES;
				CLANG_WARN_OBJC_ROOT_CLASS = YES_ERROR;
				CLANG_WARN_QUOTED_INCLUDE_IN_FRAMEWORK_HEADER = YES;
				CLANG_WARN_RANGE_LOOP_ANALYSIS = YES;
				CLANG_WARN_STRICT_PROTOTYPES = YES;
				CLANG_WARN_SUSPICIOUS_MOVE = YES;
				CLANG_WARN_UNGUARDED_AVAILABILITY = YES_AGGRESSIVE;
				CLANG_WARN_UNREACHABLE_CODE = YES;
				CLANG_WARN__DUPLICATE_METHOD_MATCH = YES;
				COPY_PHASE_STRIP = NO;
				DEBUG_INFORMATION_FORMAT = "dwarf-with-dsym";
				ENABLE_NS_ASSERTIONS = NO;
				ENABLE_STRICT_OBJC_MSGSEND = YES;
				GCC_C_LANGUAGE_STANDARD = gnu17;
				GCC_NO_COMMON_BLOCKS = YES;
				GCC_WARN_64_TO_32_BIT_CONVERSION = YES;
				GCC_WARN_ABOUT_RETURN_TYPE = YES_ERROR;
				GCC_WARN_UNDECLARED_SELECTOR = YES;
				GCC_WARN_UNINITIALIZED_AUTOS = YES_AGGRESSIVE;
				GCC_WARN_UNUSED_FUNCTION = YES;
				GCC_WARN_UNUSED_VARIABLE = YES;
				MTL_ENABLE_DEBUG_INFO = NO;
				MTL_FAST_MATH = YES;
				SDKROOT = iphoneos;
				SWIFT_COMPILATION_MODE = wholemodule;
				VALIDATE_PRODUCT = YES;
			};
			name = Release;
		};
/* End XCBuildConfiguration section */

/* Begin XCConfigurationList section */
		1A0000010000000000000080 /* Build configuration list for PBXNativeTarget "TranslatedText Widget" */ = {
			isa = XCConfigurationList;
			buildConfigurations = (
				1A0000010000000000000081 /* Debug */,
				1A0000010000000000000082 /* Release */,
			);
			defaultConfigurationIsVisible = 0;
			defaultConfigurationName = Debug;
		};
		1A0000010000000000000085 /* Build configuration list for PBXNativeTarget "TranslatedText Compose" */ = {
			isa = XCConfigurationList;
			buildConfigurations = (
				1A0000010000000000000083 /* Debug */,
				1A0000010000000000000084 /* Release */,
			);
			defaultConfigurationIsVisible = 0;
			defaultConfigurationName = Debug;
		};
		1A0000010000000000000091 /* Build configuration list for PBXProject "TranslatedTextWidget" */ = {
			isa = XCConfigurationList;
			buildConfigurations = (
				1A0000010000000000000092 /* Debug */,
				1A0000010000000000000093 /* Release */,
			);
			defaultConfigurationIsVisible = 0;
			defaultConfigurationName = Debug;
		};
/* End XCConfigurationList section */
	};
	rootObject = 1A0000010000000000000090 /* Project object */;
}
